<?xml version="1.0" encoding="utf-8"?>
<Project ToolsVersion="4.0" xmlns="http://schemas.microsoft.com/developer/msbuild/2003">
  <ItemGroup>
    <ClCompile Include="..\..\..\source\AttrColor.cpp">
      <Filter>label\attribute</Filter>
    </ClCompile>
    <ClCompile Include="..\..\..\source\AttrNamedShape.cpp">
      <Filter>label\attribute</Filter>
    </ClCompile>
    <ClCompile Include="..\..\..\source\AttrNaming.cpp">
      <Filter>label\attribute</Filter>
    </ClCompile>
    <ClCompile Include="..\..\..\source\AttrRenderObj.cpp">
      <Filter>label\attribute</Filter>
    </ClCompile>
    <ClCompile Include="..\..\..\source\LabelBuilder.cpp">
      <Filter>label\naming</Filter>
    </ClCompile>
    <ClCompile Include="..\..\..\source\LabelTools.cpp">
      <Filter>label\naming</Filter>
    </ClCompile>
    <ClCompile Include="..\..\..\source\TopoBody.cpp">
      <Filter>shape\brep</Filter>
    </ClCompile>
    <ClCompile Include="..\..\..\source\TopoEdge.cpp">
      <Filter>shape\brep</Filter>
    </ClCompile>
    <ClCompile Include="..\..\..\source\TopoFace.cpp">
      <Filter>shape\brep</Filter>
    </ClCompile>
    <ClCompile Include="..\..\..\source\TopoLoop.cpp">
      <Filter>shape\brep</Filter>
    </ClCompile>
    <ClCompile Include="..\..\..\source\TopoShell.cpp">
      <Filter>shape\brep</Filter>
    </ClCompile>
    <ClCompile Include="..\..\..\source\TopoVertex.cpp">
      <Filter>shape\brep</Filter>
    </ClCompile>
    <ClCompile Include="..\..\..\source\CompHalfEdge.cpp">
      <Filter>shape\components</Filter>
    </ClCompile>
    <ClCompile Include="..\..\..\source\BRepBuilder.cpp">
      <Filter>shape\tools</Filter>
    </ClCompile>
    <ClCompile Include="..\..\..\source\BRepExplore.cpp">
      <Filter>shape\tools</Filter>
    </ClCompile>
    <ClCompile Include="..\..\..\source\PrimBuilder.cpp">
      <Filter>shape\tools</Filter>
    </ClCompile>
    <ClCompile Include="..\..\..\source\RenderBuilder.cpp">
      <Filter>shape\tools</Filter>
    </ClCompile>
    <ClCompile Include="..\..\..\source\TopoAdapter.cpp">
      <Filter>shape\tools</Filter>
    </ClCompile>
    <ClCompile Include="..\..\..\source\Label.cpp">
      <Filter>label\base</Filter>
    </ClCompile>
    <ClCompile Include="..\..\..\source\AttrPolytope.cpp">
      <Filter>label\attribute</Filter>
    </ClCompile>
  </ItemGroup>
  <ItemGroup>
    <Filter Include="label">
      <UniqueIdentifier>{718d4b18-f4e5-490f-8a84-66afc742b3ac}</UniqueIdentifier>
    </Filter>
    <Filter Include="label\attribute">
      <UniqueIdentifier>{68ec67cf-65ee-4847-b825-5569c99ab163}</UniqueIdentifier>
    </Filter>
    <Filter Include="label\base">
      <UniqueIdentifier>{e92f8cb0-ef46-4ea9-85a3-ea666622629b}</UniqueIdentifier>
    </Filter>
    <Filter Include="label\naming">
      <UniqueIdentifier>{f155b0d1-bd34-4deb-a9cd-d7423b6e44cb}</UniqueIdentifier>
    </Filter>
    <Filter Include="shape">
      <UniqueIdentifier>{d87b2c13-156c-440a-b51b-045862cde8cc}</UniqueIdentifier>
    </Filter>
    <Filter Include="shape\base">
      <UniqueIdentifier>{98827019-f2ef-4dd9-b832-898fe41d5c40}</UniqueIdentifier>
    </Filter>
    <Filter Include="shape\brep">
      <UniqueIdentifier>{dc0070be-9038-457f-bc19-26e044b2e2f0}</UniqueIdentifier>
    </Filter>
    <Filter Include="shape\components">
      <UniqueIdentifier>{44ab6677-0a27-4e0e-8c40-7f60d527f522}</UniqueIdentifier>
    </Filter>
    <Filter Include="shape\tools">
      <UniqueIdentifier>{c2352bfc-40c2-4587-a67c-7cb961b38788}</UniqueIdentifier>
    </Filter>
  </ItemGroup>
  <ItemGroup>
    <ClInclude Include="..\..\..\include\brepom\AttrColor.h">
      <Filter>label\attribute</Filter>
    </ClInclude>
    <ClInclude Include="..\..\..\include\brepom\AttrNamedShape.h">
      <Filter>label\attribute</Filter>
    </ClInclude>
    <ClInclude Include="..\..\..\include\brepom\AttrNaming.h">
      <Filter>label\attribute</Filter>
    </ClInclude>
    <ClInclude Include="..\..\..\include\brepom\AttrRenderObj.h">
      <Filter>label\attribute</Filter>
    </ClInclude>
    <ClInclude Include="..\..\..\include\brepom\Attribute.h">
      <Filter>label\base</Filter>
    </ClInclude>
    <ClInclude Include="..\..\..\include\brepom\LabelBuilder.h">
      <Filter>label\naming</Filter>
    </ClInclude>
    <ClInclude Include="..\..\..\include\brepom\LabelTools.h">
      <Filter>label\naming</Filter>
    </ClInclude>
    <ClInclude Include="..\..\..\include\brepom\TopoShape.h">
      <Filter>shape\base</Filter>
    </ClInclude>
    <ClInclude Include="..\..\..\include\brepom\TopoShapeType.h">
      <Filter>shape\base</Filter>
    </ClInclude>
    <ClInclude Include="..\..\..\include\brepom\TopoBody.h">
      <Filter>shape\brep</Filter>
    </ClInclude>
    <ClInclude Include="..\..\..\include\brepom\TopoEdge.h">
      <Filter>shape\brep</Filter>
    </ClInclude>
    <ClInclude Include="..\..\..\include\brepom\TopoFace.h">
      <Filter>shape\brep</Filter>
    </ClInclude>
    <ClInclude Include="..\..\..\include\brepom\TopoLoop.h">
      <Filter>shape\brep</Filter>
    </ClInclude>
    <ClInclude Include="..\..\..\include\brepom\TopoShell.h">
      <Filter>shape\brep</Filter>
    </ClInclude>
    <ClInclude Include="..\..\..\include\brepom\TopoVertex.h">
      <Filter>shape\brep</Filter>
    </ClInclude>
    <ClInclude Include="..\..\..\include\brepom\CompHalfEdge.h">
      <Filter>shape\components</Filter>
    </ClInclude>
    <ClInclude Include="..\..\..\include\brepom\BRepBuilder.h">
      <Filter>shape\tools</Filter>
    </ClInclude>
    <ClInclude Include="..\..\..\include\brepom\BRepExplore.h">
      <Filter>shape\tools</Filter>
    </ClInclude>
    <ClInclude Include="..\..\..\include\brepom\PrimBuilder.h">
      <Filter>shape\tools</Filter>
    </ClInclude>
    <ClInclude Include="..\..\..\include\brepom\RenderBuilder.h">
      <Filter>shape\tools</Filter>
    </ClInclude>
    <ClInclude Include="..\..\..\include\brepom\TopoAdapter.h">
      <Filter>shape\tools</Filter>
    </ClInclude>
    <ClInclude Include="..\..\..\include\brepom\Label.h">
      <Filter>label\base</Filter>
    </ClInclude>
    <ClInclude Include="..\..\..\include\brepom\AttrPolytope.h">
      <Filter>label\attribute</Filter>
    </ClInclude>
  </ItemGroup>
</Project>